version = 1
revision = 2
requires-python = ">=3.13"

[[package]]
name = "chat-pyside-frontend"
version = "0.1.0"
source = { editable = "." }
dependencies = [
    { name = "pyside6" },
    { name = "qasync" },
    { name = "structlog" },
    { name = "websockets" },
]

[package.metadata]
requires-dist = [
    { name = "pyside6", specifier = "==6.8.1.1" },
    { name = "qasync", specifier = ">=0.27.1" },
    { name = "structlog", specifier = ">=25.4.0" },
    { name = "websockets", specifier = ">=15.0.1" },
]

[[package]]
name = "pyside6"
version = "6.8.1.1"
source = { registry = "https://pypi.org/simple" }
dependencies = [
    { name = "pyside6-addons" },
    { name = "pyside6-essentials" },
    { name = "shiboken6" },
]
wheels = [
    { url = "https://files.pythonhosted.org/packages/28/b0/4393fde3de25cd2f562fa01d06ba3538bb321ff9d1d9ef8c615ea829f027/PySide6-6.8.1.1-cp39-abi3-macosx_12_0_universal2.whl", hash = "sha256:805728a7ed58352a02689b953ddbe29af1c8944f8c7f2c28312dc0b69f64b85e", size = 532488, upload-time = "2024-12-20T11:42:54.721Z" },
    { url = "https://files.pythonhosted.org/packages/3b/b9/66d9205b030358a06f56f4aa23bc0bf21f4625bf3966eda20fcbc60fed54/PySide6-6.8.1.1-cp39-abi3-manylinux_2_28_x86_64.whl", hash = "sha256:70f8c4745d981ebb5bb93d7b825222532d553373b68b9db7a42cfcee25cafc9a", size = 532735, upload-time = "2025-01-08T09:09:26.594Z" },
    { url = "https://files.pythonhosted.org/packages/00/e4/9f20140c983c4c43f7e6d10a19e6c7f0638080ac50c2e4cc93e0d30b26a7/PySide6-6.8.1.1-cp39-abi3-manylinux_2_39_aarch64.whl", hash = "sha256:de80ac62087a716b2bada2e3ddd739c5d176dc4be819abef91274d53d75f4e58", size = 532735, upload-time = "2025-01-08T09:09:29.905Z" },
    { url = "https://files.pythonhosted.org/packages/d1/ba/e24c035e7d194aac400183ff6631c8d81a44e423c9c5a2b4a85130f5c456/PySide6-6.8.1.1-cp39-abi3-win_amd64.whl", hash = "sha256:60a2551053fa69845b893fb821507e2cc89d3a8a8b43726d568acd1250ad44fb", size = 538421, upload-time = "2025-01-08T09:09:32.56Z" },
]

[[package]]
name = "pyside6-addons"
version = "6.8.1.1"
source = { registry = "https://pypi.org/simple" }
dependencies = [
    { name = "pyside6-essentials" },
    { name = "shiboken6" },
]
wheels = [
    { url = "https://files.pythonhosted.org/packages/67/79/49486d6072356be1434f6cbe814579e762c0607cff3889cd3a60f7036d37/PySide6_Addons-6.8.1.1-cp39-abi3-macosx_12_0_universal2.whl", hash = "sha256:83d35d7a1a7dbd1a16b4040a26ad4d5cc030a2aed4d439241babee1225d6e58a", size = 302263239, upload-time = "2024-12-20T11:43:25.07Z" },
    { url = "https://files.pythonhosted.org/packages/04/89/67f19434277fa931282ecda3b93d6c7fbf7f959010c59b4d15628cdcd093/PySide6_Addons-6.8.1.1-cp39-abi3-manylinux_2_28_x86_64.whl", hash = "sha256:5ef45aeadca37d658e44a41e11f2b2e43dfc34c780a6be1cd09d96a7696e6cc6", size = 160308897, upload-time = "2025-01-08T09:09:56.87Z" },
    { url = "https://files.pythonhosted.org/packages/9e/5b/ac9b3d4bdb68c61a704ffd3f11b29da55462d8b37ab1517024a902fc1d0a/PySide6_Addons-6.8.1.1-cp39-abi3-manylinux_2_39_aarch64.whl", hash = "sha256:e1b4a20b0bcbc2e440faba62e0d164223b8fd6f041d749543bc3812979116c4c", size = 156108015, upload-time = "2025-01-08T09:10:19.599Z" },
    { url = "https://files.pythonhosted.org/packages/f6/a3/a1b26de2cd661158af8c558c11da5a30f9b8dabcb8b5b5394c70e57c4e44/PySide6_Addons-6.8.1.1-cp39-abi3-win_amd64.whl", hash = "sha256:d8ae86944ac48cc9891666cf71565acebd403a953d0e050be4d41ac490788d0a", size = 127967614, upload-time = "2025-01-08T09:10:43.184Z" },
]

[[package]]
name = "pyside6-essentials"
version = "6.8.1.1"
source = { registry = "https://pypi.org/simple" }
dependencies = [
    { name = "shiboken6" },
]
wheels = [
    { url = "https://files.pythonhosted.org/packages/b1/dd/0fca5d5593b3784773a56035a543266b13fcfb4f65a42adb06cb336dfcec/PySide6_Essentials-6.8.1.1-cp39-abi3-macosx_12_0_universal2.whl", hash = "sha256:25f3fdb281ac3b442f08250e3284d3b1944f7c64c62ed93b57678a62c199cf46", size = 164791240, upload-time = "2024-12-20T11:43:59.832Z" },
    { url = "https://files.pythonhosted.org/packages/d9/cd/2877d399e1304589fada703a45b6d496247257a9cc318b52976056fed9a0/PySide6_Essentials-6.8.1.1-cp39-abi3-manylinux_2_28_x86_64.whl", hash = "sha256:62b64842a91114c224c41eeb6a8c8f255ba60268bc5ac19724f944d60e2277c6", size = 95271258, upload-time = "2025-01-08T09:10:59.082Z" },
    { url = "https://files.pythonhosted.org/packages/87/b6/2ddd22bf3ec6591551b31223cafe89a22afa0efc5df07304fd95ea3c04af/PySide6_Essentials-6.8.1.1-cp39-abi3-manylinux_2_39_aarch64.whl", hash = "sha256:e0c1cc3cfb2ea5eea70748da7d22032a59ea641e24988f543d5b274c0adab065", size = 93125840, upload-time = "2025-01-08T09:11:13.179Z" },
    { url = "https://files.pythonhosted.org/packages/e7/86/91c84d4c7738bfdd993de9ee859ffeb9a479d3324afc4e73c08a0c828cf7/PySide6_Essentials-6.8.1.1-cp39-abi3-win_amd64.whl", hash = "sha256:085f12e16db31eb0e802b21c64eabf582f54db6c44463a1f5e1814d897b1f2c0", size = 72570438, upload-time = "2025-01-08T09:11:25.55Z" },
]

[[package]]
name = "qasync"
version = "0.27.1"
source = { registry = "https://pypi.org/simple" }
sdist = { url = "https://files.pythonhosted.org/packages/1c/e0/7c7c973f52e1765d6ddfc41e9272294f65d5d52b8f5f5eae92adf411ad46/qasync-0.27.1.tar.gz", hash = "sha256:8dc768fd1ee5de1044c7c305eccf2d39d24d87803ea71189d4024fb475f4985f", size = 14287, upload-time = "2023-11-19T14:19:55.535Z" }
wheels = [
    { url = "https://files.pythonhosted.org/packages/51/06/bc628aa2981bcfd452a08ee435b812fd3eee4ada8acb8a76c4a09d1a5a77/qasync-0.27.1-py3-none-any.whl", hash = "sha256:5d57335723bc7d9b328dadd8cb2ed7978640e4bf2da184889ce50ee3ad2602c7", size = 14866, upload-time = "2023-11-19T14:19:54.345Z" },
]

[[package]]
name = "shiboken6"
version = "6.8.1.1"
source = { registry = "https://pypi.org/simple" }
wheels = [
    { url = "https://files.pythonhosted.org/packages/54/bc/f87ae60dac7d8df63dad21112b4e20436460477fd9448d58155ea7399344/shiboken6-6.8.1.1-cp39-abi3-macosx_12_0_universal2.whl", hash = "sha256:42fbb173a772c4e059dbeafb302e96f6ea8e1c9bacf05fab71ea7eb0d8f97b01", size = 399641, upload-time = "2024-12-20T11:44:17.247Z" },
    { url = "https://files.pythonhosted.org/packages/bc/a2/27586f87b2364a8ec085083a367e494698b15a6ba9065d9d984ebbc10179/shiboken6-6.8.1.1-cp39-abi3-manylinux_2_28_x86_64.whl", hash = "sha256:d672df0f29dc5f44de7205c1acae4d0471ba8371bb1d68fdacbf1686f4d22a96", size = 203124, upload-time = "2025-01-08T09:08:54.172Z" },
    { url = "https://files.pythonhosted.org/packages/d1/d1/cc21124aa4751ca1d4e4035d3c1dcb2ce3f20ad46ad39f6cd626eef06a2e/shiboken6-6.8.1.1-cp39-abi3-manylinux_2_39_aarch64.whl", hash = "sha256:ff1b22a66476b042d3dc09870edca353fdac1c1f517a4cdc364b24e296213ecd", size = 200152, upload-time = "2025-01-08T09:08:55.71Z" },
    { url = "https://files.pythonhosted.org/packages/d5/de/9be900fb9c96e3720407271255144d967a0fd323e4146c54f79ee5cdebbe/shiboken6-6.8.1.1-cp39-abi3-win_amd64.whl", hash = "sha256:26f7041c77058a8ecfb9345caa187250b199de79cfb37e33936e5fbd468a7780", size = 1149289, upload-time = "2025-01-08T09:08:58.744Z" },
]

[[package]]
name = "structlog"
version = "25.4.0"
source = { registry = "https://pypi.org/simple" }
sdist = { url = "https://files.pythonhosted.org/packages/79/b9/6e672db4fec07349e7a8a8172c1a6ae235c58679ca29c3f86a61b5e59ff3/structlog-25.4.0.tar.gz", hash = "sha256:186cd1b0a8ae762e29417095664adf1d6a31702160a46dacb7796ea82f7409e4", size = 1369138, upload-time = "2025-06-02T08:21:12.971Z" }
wheels = [
    { url = "https://files.pythonhosted.org/packages/a0/4a/97ee6973e3a73c74c8120d59829c3861ea52210667ec3e7a16045c62b64d/structlog-25.4.0-py3-none-any.whl", hash = "sha256:fe809ff5c27e557d14e613f45ca441aabda051d119ee5a0102aaba6ce40eed2c", size = 68720, upload-time = "2025-06-02T08:21:11.43Z" },
]

[[package]]
name = "websockets"
version = "15.0.1"
source = { registry = "https://pypi.org/simple" }
sdist = { url = "https://files.pythonhosted.org/packages/21/e6/26d09fab466b7ca9c7737474c52be4f76a40301b08362eb2dbc19dcc16c1/websockets-15.0.1.tar.gz", hash = "sha256:82544de02076bafba038ce055ee6412d68da13ab47f0c60cab827346de828dee", size = 177016, upload-time = "2025-03-05T20:03:41.606Z" }
wheels = [
    { url = "https://files.pythonhosted.org/packages/cb/9f/51f0cf64471a9d2b4d0fc6c534f323b664e7095640c34562f5182e5a7195/websockets-15.0.1-cp313-cp313-macosx_10_13_universal2.whl", hash = "sha256:ee443ef070bb3b6ed74514f5efaa37a252af57c90eb33b956d35c8e9c10a1931", size = 175440, upload-time = "2025-03-05T20:02:36.695Z" },
    { url = "https://files.pythonhosted.org/packages/8a/05/aa116ec9943c718905997412c5989f7ed671bc0188ee2ba89520e8765d7b/websockets-15.0.1-cp313-cp313-macosx_10_13_x86_64.whl", hash = "sha256:5a939de6b7b4e18ca683218320fc67ea886038265fd1ed30173f5ce3f8e85675", size = 173098, upload-time = "2025-03-05T20:02:37.985Z" },
    { url = "https://files.pythonhosted.org/packages/ff/0b/33cef55ff24f2d92924923c99926dcce78e7bd922d649467f0eda8368923/websockets-15.0.1-cp313-cp313-macosx_11_0_arm64.whl", hash = "sha256:746ee8dba912cd6fc889a8147168991d50ed70447bf18bcda7039f7d2e3d9151", size = 173329, upload-time = "2025-03-05T20:02:39.298Z" },
    { url = "https://files.pythonhosted.org/packages/31/1d/063b25dcc01faa8fada1469bdf769de3768b7044eac9d41f734fd7b6ad6d/websockets-15.0.1-cp313-cp313-manylinux_2_17_aarch64.manylinux2014_aarch64.whl", hash = "sha256:595b6c3969023ecf9041b2936ac3827e4623bfa3ccf007575f04c5a6aa318c22", size = 183111, upload-time = "2025-03-05T20:02:40.595Z" },
    { url = "https://files.pythonhosted.org/packages/93/53/9a87ee494a51bf63e4ec9241c1ccc4f7c2f45fff85d5bde2ff74fcb68b9e/websockets-15.0.1-cp313-cp313-manylinux_2_5_i686.manylinux1_i686.manylinux_2_17_i686.manylinux2014_i686.whl", hash = "sha256:3c714d2fc58b5ca3e285461a4cc0c9a66bd0e24c5da9911e30158286c9b5be7f", size = 182054, upload-time = "2025-03-05T20:02:41.926Z" },
    { url = "https://files.pythonhosted.org/packages/ff/b2/83a6ddf56cdcbad4e3d841fcc55d6ba7d19aeb89c50f24dd7e859ec0805f/websockets-15.0.1-cp313-cp313-manylinux_2_5_x86_64.manylinux1_x86_64.manylinux_2_17_x86_64.manylinux2014_x86_64.whl", hash = "sha256:0f3c1e2ab208db911594ae5b4f79addeb3501604a165019dd221c0bdcabe4db8", size = 182496, upload-time = "2025-03-05T20:02:43.304Z" },
    { url = "https://files.pythonhosted.org/packages/98/41/e7038944ed0abf34c45aa4635ba28136f06052e08fc2168520bb8b25149f/websockets-15.0.1-cp313-cp313-musllinux_1_2_aarch64.whl", hash = "sha256:229cf1d3ca6c1804400b0a9790dc66528e08a6a1feec0d5040e8b9eb14422375", size = 182829, upload-time = "2025-03-05T20:02:48.812Z" },
    { url = "https://files.pythonhosted.org/packages/e0/17/de15b6158680c7623c6ef0db361da965ab25d813ae54fcfeae2e5b9ef910/websockets-15.0.1-cp313-cp313-musllinux_1_2_i686.whl", hash = "sha256:756c56e867a90fb00177d530dca4b097dd753cde348448a1012ed6c5131f8b7d", size = 182217, upload-time = "2025-03-05T20:02:50.14Z" },
    { url = "https://files.pythonhosted.org/packages/33/2b/1f168cb6041853eef0362fb9554c3824367c5560cbdaad89ac40f8c2edfc/websockets-15.0.1-cp313-cp313-musllinux_1_2_x86_64.whl", hash = "sha256:558d023b3df0bffe50a04e710bc87742de35060580a293c2a984299ed83bc4e4", size = 182195, upload-time = "2025-03-05T20:02:51.561Z" },
    { url = "https://files.pythonhosted.org/packages/86/eb/20b6cdf273913d0ad05a6a14aed4b9a85591c18a987a3d47f20fa13dcc47/websockets-15.0.1-cp313-cp313-win32.whl", hash = "sha256:ba9e56e8ceeeedb2e080147ba85ffcd5cd0711b89576b83784d8605a7df455fa", size = 176393, upload-time = "2025-03-05T20:02:53.814Z" },
    { url = "https://files.pythonhosted.org/packages/1b/6c/c65773d6cab416a64d191d6ee8a8b1c68a09970ea6909d16965d26bfed1e/websockets-15.0.1-cp313-cp313-win_amd64.whl", hash = "sha256:e09473f095a819042ecb2ab9465aee615bd9c2028e4ef7d933600a8401c79561", size = 176837, upload-time = "2025-03-05T20:02:55.237Z" },
    { url = "https://files.pythonhosted.org/packages/fa/a8/5b41e0da817d64113292ab1f8247140aac61cbf6cfd085d6a0fa77f4984f/websockets-15.0.1-py3-none-any.whl", hash = "sha256:f7a866fbc1e97b5c617ee4116daaa09b722101d4a3c170c787450ba409f9736f", size = 169743, upload-time = "2025-03-05T20:03:39.41Z" },
]
